
Microsoft Visual Studio Solution File, Format Version 12.00
# Visual Studio Version 16
VisualStudioVersion = 16.0.30709.132
MinimumVisualStudioVersion = 10.0.40219.1
Project("{8BC9CEB8-8B4A-11D0-8D11-00A0C91BC942}") = "Exercise 2", "TD1.vcxproj", "{444B0FC7-B396-406E-A6CA-A638675EABB1}"
EndProject
Project("{8BC9CEB8-8B4A-11D0-8D11-00A0C91BC942}") = "Exercise 3", "Exercise 3\Exercise 3.vcxproj", "{490C3766-2FB6-405B-A854-E16B8DD9DCDE}"
EndProject
Project("{8BC9CEB8-8B4A-11D0-8D11-00A0C91BC942}") = "Exercise 4", "Exercise 4\Exercise 4.vcxproj", "{6452D885-E08A-4880-9E3D-A2772D97E688}"
EndProject
Project("{8BC9CEB8-8B4A-11D0-8D11-00A0C91BC942}") = "Exercise 5", "Exercise 5\Exercise 5.vcxproj", "{CD515F9D-B2EA-4A91-90AF-2E74FAFBAD2B}"
EndProject
Global
	GlobalSection(SolutionConfigurationPlatforms) = preSolution
		Debug|x64 = Debug|x64
		Debug|x86 = Debug|x86
		Release|x64 = Release|x64
		Release|x86 = Release|x86
	EndGlobalSection
	GlobalSection(ProjectConfigurationPlatforms) = postSolution
		{444B0FC7-B396-406E-A6CA-A638675EABB1}.Debug|x64.ActiveCfg = Debug|x64
		{444B0FC7-B396-406E-A6CA-A638675EABB1}.Debug|x64.Build.0 = Debug|x64
		{444B0FC7-B396-406E-A6CA-A638675EABB1}.Debug|x86.ActiveCfg = Debug|Win32
		{444B0FC7-B396-406E-A6CA-A638675EABB1}.Debug|x86.Build.0 = Debug|Win32
		{444B0FC7-B396-406E-A6CA-A638675EABB1}.Release|x64.ActiveCfg = Release|x64
		{444B0FC7-B396-406E-A6CA-A638675EABB1}.Release|x64.Build.0 = Release|x64
		{444B0FC7-B396-406E-A6CA-A638675EABB1}.Release|x86.ActiveCfg = Release|Win32
		{444B0FC7-B396-406E-A6CA-A638675EABB1}.Release|x86.Build.0 = Release|Win32
		{490C3766-2FB6-405B-A854-E16B8DD9DCDE}.Debug|x64.ActiveCfg = Debug|x64
		{490C3766-2FB6-405B-A854-E16B8DD9DCDE}.Debug|x64.Build.0 = Debug|x64
		{490C3766-2FB6-405B-A854-E16B8DD9DCDE}.Debug|x86.ActiveCfg = Debug|Win32
		{490C3766-2FB6-405B-A854-E16B8DD9DCDE}.Debug|x86.Build.0 = Debug|Win32
		{490C3766-2FB6-405B-A854-E16B8DD9DCDE}.Release|x64.ActiveCfg = Release|x64
		{490C3766-2FB6-405B-A854-E16B8DD9DCDE}.Release|x64.Build.0 = Release|x64
		{490C3766-2FB6-405B-A854-E16B8DD9DCDE}.Release|x86.ActiveCfg = Release|Win32
		{490C3766-2FB6-405B-A854-E16B8DD9DCDE}.Release|x86.Build.0 = Release|Win32
		{6452D885-E08A-4880-9E3D-A2772D97E688}.Debug|x64.ActiveCfg = Debug|x64
		{6452D885-E08A-4880-9E3D-A2772D97E688}.Debug|x64.Build.0 = Debug|x64
		{6452D885-E08A-4880-9E3D-A2772D97E688}.Debug|x86.ActiveCfg = Debug|Win32
		{6452D885-E08A-4880-9E3D-A2772D97E688}.Debug|x86.Build.0 = Debug|Win32
		{6452D885-E08A-4880-9E3D-A2772D97E688}.Release|x64.ActiveCfg = Release|x64
		{6452D885-E08A-4880-9E3D-A2772D97E688}.Release|x64.Build.0 = Release|x64
		{6452D885-E08A-4880-9E3D-A2772D97E688}.Release|x86.ActiveCfg = Release|Win32
		{6452D885-E08A-4880-9E3D-A2772D97E688}.Release|x86.Build.0 = Release|Win32
		{CD515F9D-B2EA-4A91-90AF-2E74FAFBAD2B}.Debug|x64.ActiveCfg = Debug|x64
		{CD515F9D-B2EA-4A91-90AF-2E74FAFBAD2B}.Debug|x64.Build.0 = Debug|x64
		{CD515F9D-B2EA-4A91-90AF-2E74FAFBAD2B}.Debug|x86.ActiveCfg = Debug|Win32
		{CD515F9D-B2EA-4A91-90AF-2E74FAFBAD2B}.Debug|x86.Build.0 = Debug|Win32
		{CD515F9D-B2EA-4A91-90AF-2E74FAFBAD2B}.Release|x64.ActiveCfg = Release|x64
		{CD515F9D-B2EA-4A91-90AF-2E74FAFBAD2B}.Release|x64.Build.0 = Release|x64
		{CD515F9D-B2EA-4A91-90AF-2E74FAFBAD2B}.Release|x86.ActiveCfg = Release|Win32
		{CD515F9D-B2EA-4A91-90AF-2E74FAFBAD2B}.Release|x86.Build.0 = Release|Win32
	EndGlobalSection
	GlobalSection(SolutionProperties) = preSolution
		HideSolutionNode = FALSE
	EndGlobalSection
	GlobalSection(ExtensibilityGlobals) = postSolution
		SolutionGuid = {53D67567-FE4B-4075-AF11-45077AD09018}
	EndGlobalSection
EndGlobal
